github.com/edsrzf/mmap-go v1.1.0 h1:6EUwBLQ/Mcr1EYLE4Tn1VdW1A4ckqCQWZBw8Hr0kjpQ=
github.com/edsrzf/mmap-go v1.1.0/go.mod h1:19H/e8pUPLicwkyNgOykDXkJ9F0MHE+Z52B8EIth78Q=
github.com/fatih/color v1.16.0 h1:zmkK9Ngbjj+K0yRhTVONQh1p/HknKYSlNT+vZCzyokM=
github.com/fatih/color v1.16.0/go.mod h1:fL2Sau1YI5c0pdGEVCbKQbLXB6edEj1ZgiY4NijnWvE=
github.com/mattn/go-colorable v0.1.13 h1:fFA4WZxdEF4tXPZVKMLwD8oUnCTTo08duU7wxecdEvA=
github.com/mattn/go-colorable v0.1.13/go.mod h1:7S9/ev0klgBDR4GtXTXX8a3vIGJpMovkB8vQcUbaXHg=
github.com/mattn/go-isatty v0.0.16/go.mod h1:kYGgaQfpe5nmfYZH+SKPsOc2e4SrIfOl2e/yFXSvRLM=
github.com/mattn/go-isatty v0.0.20 h1:xfD0iDuEKnDkl03q4limB+vH+GxLEtL/jb4xVJSWWEY=
github.com/mattn/go-isatty v0.0.20/go.mod h1:W+V8PltTTMOvKvAeJH7IuucS94S2C6jfK/D7dTCTo3Y=
github.com/maxmind/mmdbwriter/v2 v2.0.0-20260923191345-8f49d9bce747 h1:FSl/wHLKIt3uJhFl50atRbUhO0HjRtRGlaNq5YRM2wg=
github.com/maxmind/mmdbwriter/v2 v2.0.0-20260923191345-8f49d9bce747/go.mod h1:hPQyr0pfn16zAHNQsUS9w4SHjBZ/Y8+Jfmf04SS1K8A=
github.com/mslmio/libgo-complete v1.0.0 h1:fU/qaHDV2Zvuf4y0OWN9ehXCFfiJbBKTF9U0yFrlEyA=
github.com/mslmio/libgo-complete v1.0.0/go.mod h1:05bktVRP2fJdif0i1kvSFQiHlI4Lik1INd83vCBLCec=
github.com/mslmio/libgo-iputil v1.0.0 h1:fFLzjlE3oWfh+fKzoUvw5GMGdpcQhxlGJkNCVWcBdvU=
github.com/mslmio/libgo-iputil v1.0.0/go.mod h1:Btwfov9kmmMwReZI9bD5y7idQRDq68RxERLnnMp7lN4=
github.com/oschwald/maxminddb-golang/v2 v2.6.0 h1:pRlHCdJmc+4uxMOSthmKDt5HOw3JTX8TJZlhyP5ew0w=
github.com/oschwald/maxminddb-golang/v2 v2.6.0/go.mod h1:sjqpB3z2BZrMduDp9TAUTCkZDoT3nDhixUc4Dge2qRQ=
github.com/spf13/pflag v1.0.5 h1:iy+VFUOCP1a+8yFto/drg2CJ5u0yRoB7fZw3DKv/JXA=
github.com/spf13/pflag v1.0.5/go.mod h1:McXfInJRrz4CZXVZOBLb0bTZqETkiAhM9Iw0y3An2Bg=
github.com/stretchr/testify v1.12.1 h1:EuwCh5fleGS7H32xRwO3wRGT7DxrDhLAT6FF8MpWDWE=
github.com/stretchr/testify v1.12.1/go.mod h1:MDEgiDPPsNp5cuIrHPPCyornHKgEVbtFUmoNlxoYthg=
go.yaml.in/yaml/v3 v3.0.5 h1:N6y/pJk8buWs9NY5ERU2HSMfm+IuD/OtfdAnq6kESPw=
go.yaml.in/yaml/v3 v3.0.5/go.mod h1:HVTZu1O7/Vkt2N+BFy8Zza+lnLsABggaTM2ZpNIGuKg=
go4.org/netipx v0.0.0-20260823151212-3075585bcbeb h1:XBM4hvfwGAttkkiTIFfeigdfcL1xIfdKXqFdgiHGtDs=
go4.org/netipx v0.0.0-20260823151212-3075585bcbeb/go.mod h1:PLyyIXexvUFg3Owu6p/WfdlivPbZJsZdgWZlrGope/Y=
golang.org/x/sys v0.0.0-20220811171246-fbc7d0a398ab/go.mod h1:oPkhp1MJrh7nUepCBck5+mAzfO9JrbApNNgaTdGDITg=
golang.org/x/sys v0.6.0/go.mod h1:oPkhp1MJrh7nUepCBck5+mAzfO9JrbApNNgaTdGDITg=
golang.org/x/sys v0.47.0 h1:o7XGOvZQCADBQQ4Y7VNq2dRWQR7JmOUW8Kxx4ZsNgWs=
golang.org/x/sys v0.47.0/go.mod h1:4GL1E5IUh+htKOUEOaiffhrAeqysfVGipDYzABqnCmw=
